
Microsoft Visual Studio Solution File, Format Version 12.00
# Visual Studio Version 17
VisualStudioVersion = 17.13.35806.99 d17.13
MinimumVisualStudioVersion = 10.0.40219.1
Project("{FAE04EC0-301F-11D3-BF4B-00C04F79EFBC}") = "Asp.Net_Core_Empty_Exercise", "Asp.Net_Core_Empty_Exercise\Asp.Net_Core_Empty_Exercise.csproj", "{2B6D26F8-F478-4C7E-BF87-7E4E2B3CF9D8}"
EndProject
Global
	GlobalSection(SolutionConfigurationPlatforms) = preSolution
		Debug|Any CPU = Debug|Any CPU
		Release|Any CPU = Release|Any CPU
	EndGlobalSection
	GlobalSection(ProjectConfigurationPlatforms) = postSolution
		{2B6D26F8-F478-4C7E-BF87-7E4E2B3CF9D8}.Debug|Any CPU.ActiveCfg = Debug|Any CPU
		{2B6D26F8-F478-4C7E-BF87-7E4E2B3CF9D8}.Debug|Any CPU.Build.0 = Debug|Any CPU
		{2B6D26F8-F478-4C7E-BF87-7E4E2B3CF9D8}.Release|Any CPU.ActiveCfg = Release|Any CPU
		{2B6D26F8-F478-4C7E-BF87-7E4E2B3CF9D8}.Release|Any CPU.Build.0 = Release|Any CPU
	EndGlobalSection
	GlobalSection(SolutionProperties) = preSolution
		HideSolutionNode = FALSE
	EndGlobalSection
	GlobalSection(ExtensibilityGlobals) = postSolution
		SolutionGuid = {C4F351D5-4A65-42E5-87D1-19A91E4124A1}
	EndGlobalSection
EndGlobal
