
Microsoft Visual Studio Solution File, Format Version 12.00
# Visual Studio Version 17
VisualStudioVersion = 17.13.35806.99 d17.13
MinimumVisualStudioVersion = 10.0.40219.1
Project("{FAE04EC0-301F-11D3-BF4B-00C04F79EFBC}") = "Basic_MVC_Exercies_Solution", "Basic_MVC_Exercies_Solution\Basic_MVC_Exercies_Solution.csproj", "{A78C11D0-F8E9-4512-A5DB-A00C35314B9B}"
EndProject
Global
	GlobalSection(SolutionConfigurationPlatforms) = preSolution
		Debug|Any CPU = Debug|Any CPU
		Release|Any CPU = Release|Any CPU
	EndGlobalSection
	GlobalSection(ProjectConfigurationPlatforms) = postSolution
		{A78C11D0-F8E9-4512-A5DB-A00C35314B9B}.Debug|Any CPU.ActiveCfg = Debug|Any CPU
		{A78C11D0-F8E9-4512-A5DB-A00C35314B9B}.Debug|Any CPU.Build.0 = Debug|Any CPU
		{A78C11D0-F8E9-4512-A5DB-A00C35314B9B}.Release|Any CPU.ActiveCfg = Release|Any CPU
		{A78C11D0-F8E9-4512-A5DB-A00C35314B9B}.Release|Any CPU.Build.0 = Release|Any CPU
	EndGlobalSection
	GlobalSection(SolutionProperties) = preSolution
		HideSolutionNode = FALSE
	EndGlobalSection
	GlobalSection(ExtensibilityGlobals) = postSolution
		SolutionGuid = {C3541944-4390-4CEA-9DBA-61895748D84F}
	EndGlobalSection
EndGlobal
